// !$*UTF8*$!
{
	archiveVersion = 1;
	classes = {
	};
	objectVersion = 50;
	objects = {

/* Begin PBXBuildFile section */
		C4EFFCA823D275FF00846010 /* AppDelegate.swift in Sources */ = {isa = PBXBuildFile; fileRef = C4EFFCA723D275FF00846010 /* AppDelegate.swift */; };
		C4EFFCAA23D275FF00846010 /* ContentView.swift in Sources */ = {isa = PBXBuildFile; fileRef = C4EFFCA923D275FF00846010 /* ContentView.swift */; };
		C4EFFCAC23D2760300846010 /* Assets.xcassets in Resources */ = {isa = PBXBuildFile; fileRef = C4EFFCAB23D2760300846010 /* Assets.xcassets */; };
		C4EFFCAF23D2760300846010 /* Preview Assets.xcassets in Resources */ = {isa = PBXBuildFile; fileRef = C4EFFCAE23D2760300846010 /* Preview Assets.xcassets */; };
		C4EFFCB223D2760300846010 /* Main.storyboard in Resources */ = {isa = PBXBuildFile; fileRef = C4EFFCB023D2760300846010 /* Main.storyboard */; };
		C4EFFCC523D27D5000846010 /* MonitoringSite.swift in Sources */ = {isa = PBXBuildFile; fileRef = C4EFFCBE23D27D5000846010 /* MonitoringSite.swift */; };
		C4EFFCC623D27D5000846010 /* Quality.swift in Sources */ = {isa = PBXBuildFile; fileRef = C4EFFCBF23D27D5000846010 /* Quality.swift */; };
		C4EFFCC723D27D5000846010 /* DetailedAirMonitoringSite.swift in Sources */ = {isa = PBXBuildFile; fileRef = C4EFFCC023D27D5000846010 /* DetailedAirMonitoringSite.swift */; };
		C4EFFCC823D27D5000846010 /* SimpleAirMonitoringSite.swift in Sources */ = {isa = PBXBuildFile; fileRef = C4EFFCC123D27D5000846010 /* SimpleAirMonitoringSite.swift */; };
		C4EFFCC923D27D5000846010 /* Coordinates.swift in Sources */ = {isa = PBXBuildFile; fileRef = C4EFFCC223D27D5000846010 /* Coordinates.swift */; };
		C4EFFCCA23D27D5000846010 /* AirMonitoringSites.swift in Sources */ = {isa = PBXBuildFile; fileRef = C4EFFCC323D27D5000846010 /* AirMonitoringSites.swift */; };
		C4EFFCCB23D27D5000846010 /* HealthVector.swift in Sources */ = {isa = PBXBuildFile; fileRef = C4EFFCC423D27D5000846010 /* HealthVector.swift */; };
		C4EFFCCE23D27D8800846010 /* MapPin.swift in Sources */ = {isa = PBXBuildFile; fileRef = C4EFFCCD23D27D8800846010 /* MapPin.swift */; };
		C4EFFCD023D27DF100846010 /* EPABridge.swift in Sources */ = {isa = PBXBuildFile; fileRef = C4EFFCCF23D27DF100846010 /* EPABridge.swift */; };
		C4EFFCD223D28DE600846010 /* UserDefaults+Settings.swift in Sources */ = {isa = PBXBuildFile; fileRef = C4EFFCD123D28DE600846010 /* UserDefaults+Settings.swift */; };
		C4EFFCD423D2936400846010 /* MapView.swift in Sources */ = {isa = PBXBuildFile; fileRef = C4EFFCD323D2936400846010 /* MapView.swift */; };
		C4EFFCD723D2958B00846010 /* SiteView.swift in Sources */ = {isa = PBXBuildFile; fileRef = C4EFFCD623D2958B00846010 /* SiteView.swift */; };
/* End PBXBuildFile section */

/* Begin PBXFileReference section */
		C4EFFCA423D275FF00846010 /* VicAirQuality.app */ = {isa = PBXFileReference; explicitFileType = wrapper.application; includeInIndex = 0; path = VicAirQuality.app; sourceTree = BUILT_PRODUCTS_DIR; };
		C4EFFCA723D275FF00846010 /* AppDelegate.swift */ = {isa = PBXFileReference; lastKnownFileType = sourcecode.swift; path = AppDelegate.swift; sourceTree = "<group>"; };
		C4EFFCA923D275FF00846010 /* ContentView.swift */ = {isa = PBXFileReference; lastKnownFileType = sourcecode.swift; path = ContentView.swift; sourceTree = "<group>"; };
		C4EFFCAB23D2760300846010 /* Assets.xcassets */ = {isa = PBXFileReference; lastKnownFileType = folder.assetcatalog; path = Assets.xcassets; sourceTree = "<group>"; };
		C4EFFCAE23D2760300846010 /* Preview Assets.xcassets */ = {isa = PBXFileReference; lastKnownFileType = folder.assetcatalog; path = "Preview Assets.xcassets"; sourceTree = "<group>"; };
		C4EFFCB123D2760300846010 /* Base */ = {isa = PBXFileReference; lastKnownFileType = file.storyboard; name = Base; path = Base.lproj/Main.storyboard; sourceTree = "<group>"; };
		C4EFFCB323D2760300846010 /* Info.plist */ = {isa = PBXFileReference; lastKnownFileType = text.plist.xml; path = Info.plist; sourceTree = "<group>"; };
		C4EFFCB423D2760300846010 /* VicAirQuality.entitlements */ = {isa = PBXFileReference; lastKnownFileType = text.plist.entitlements; path = VicAirQuality.entitlements; sourceTree = "<group>"; };
		C4EFFCBE23D27D5000846010 /* MonitoringSite.swift */ = {isa = PBXFileReference; fileEncoding = 4; lastKnownFileType = sourcecode.swift; path = MonitoringSite.swift; sourceTree = "<group>"; };
		C4EFFCBF23D27D5000846010 /* Quality.swift */ = {isa = PBXFileReference; fileEncoding = 4; lastKnownFileType = sourcecode.swift; path = Quality.swift; sourceTree = "<group>"; };
		C4EFFCC023D27D5000846010 /* DetailedAirMonitoringSite.swift */ = {isa = PBXFileReference; fileEncoding = 4; lastKnownFileType = sourcecode.swift; path = DetailedAirMonitoringSite.swift; sourceTree = "<group>"; };
		C4EFFCC123D27D5000846010 /* SimpleAirMonitoringSite.swift */ = {isa = PBXFileReference; fileEncoding = 4; lastKnownFileType = sourcecode.swift; path = SimpleAirMonitoringSite.swift; sourceTree = "<group>"; };
		C4EFFCC223D27D5000846010 /* Coordinates.swift */ = {isa = PBXFileReference; fileEncoding = 4; lastKnownFileType = sourcecode.swift; path = Coordinates.swift; sourceTree = "<group>"; };
		C4EFFCC323D27D5000846010 /* AirMonitoringSites.swift */ = {isa = PBXFileReference; fileEncoding = 4; lastKnownFileType = sourcecode.swift; path = AirMonitoringSites.swift; sourceTree = "<group>"; };
		C4EFFCC423D27D5000846010 /* HealthVector.swift */ = {isa = PBXFileReference; fileEncoding = 4; lastKnownFileType = sourcecode.swift; path = HealthVector.swift; sourceTree = "<group>"; };
		C4EFFCCD23D27D8800846010 /* MapPin.swift */ = {isa = PBXFileReference; fileEncoding = 4; lastKnownFileType = sourcecode.swift; path = MapPin.swift; sourceTree = "<group>"; };
		C4EFFCCF23D27DF100846010 /* EPABridge.swift */ = {isa = PBXFileReference; lastKnownFileType = sourcecode.swift; path = EPABridge.swift; sourceTree = "<group>"; };
		C4EFFCD123D28DE600846010 /* UserDefaults+Settings.swift */ = {isa = PBXFileReference; fileEncoding = 4; lastKnownFileType = sourcecode.swift; path = "UserDefaults+Settings.swift"; sourceTree = "<group>"; };
		C4EFFCD323D2936400846010 /* MapView.swift */ = {isa = PBXFileReference; lastKnownFileType = sourcecode.swift; path = MapView.swift; sourceTree = "<group>"; };
		C4EFFCD623D2958B00846010 /* SiteView.swift */ = {isa = PBXFileReference; lastKnownFileType = sourcecode.swift; path = SiteView.swift; sourceTree = "<group>"; };
/* End PBXFileReference section */

/* Begin PBXFrameworksBuildPhase section */
		C4EFFCA123D275FF00846010 /* Frameworks */ = {
			isa = PBXFrameworksBuildPhase;
			buildActionMask = 2147483647;
			files = (
			);
			runOnlyForDeploymentPostprocessing = 0;
		};
/* End PBXFrameworksBuildPhase section */

/* Begin PBXGroup section */
		C4EFFC9B23D275FF00846010 = {
			isa = PBXGroup;
			children = (
				C4EFFCA623D275FF00846010 /* VicAirQuality */,
				C4EFFCA523D275FF00846010 /* Products */,
			);
			sourceTree = "<group>";
		};
		C4EFFCA523D275FF00846010 /* Products */ = {
			isa = PBXGroup;
			children = (
				C4EFFCA423D275FF00846010 /* VicAirQuality.app */,
			);
			name = Products;
			sourceTree = "<group>";
		};
		C4EFFCA623D275FF00846010 /* VicAirQuality */ = {
			isa = PBXGroup;
			children = (
				C4EFFCD523D2957200846010 /* Shared */,
				C4EFFCCC23D27D7600846010 /* Objects */,
				C4EFFCBB23D276D600846010 /* Views */,
				C4EFFCBA23D276CD00846010 /* Models */,
				C4EFFCA723D275FF00846010 /* AppDelegate.swift */,
				C4EFFCA923D275FF00846010 /* ContentView.swift */,
				C4EFFCAB23D2760300846010 /* Assets.xcassets */,
				C4EFFCB023D2760300846010 /* Main.storyboard */,
				C4EFFCB323D2760300846010 /* Info.plist */,
				C4EFFCB423D2760300846010 /* VicAirQuality.entitlements */,
				C4EFFCAD23D2760300846010 /* Preview Content */,
			);
			path = VicAirQuality;
			sourceTree = "<group>";
		};
		C4EFFCAD23D2760300846010 /* Preview Content */ = {
			isa = PBXGroup;
			children = (
				C4EFFCAE23D2760300846010 /* Preview Assets.xcassets */,
			);
			path = "Preview Content";
			sourceTree = "<group>";
		};
		C4EFFCBA23D276CD00846010 /* Models */ = {
			isa = PBXGroup;
			children = (
				C4EFFCC323D27D5000846010 /* AirMonitoringSites.swift */,
				C4EFFCC223D27D5000846010 /* Coordinates.swift */,
				C4EFFCC023D27D5000846010 /* DetailedAirMonitoringSite.swift */,
				C4EFFCC423D27D5000846010 /* HealthVector.swift */,
				C4EFFCBE23D27D5000846010 /* MonitoringSite.swift */,
				C4EFFCBF23D27D5000846010 /* Quality.swift */,
				C4EFFCC123D27D5000846010 /* SimpleAirMonitoringSite.swift */,
			);
			path = Models;
			sourceTree = "<group>";
		};
		C4EFFCBB23D276D600846010 /* Views */ = {
			isa = PBXGroup;
			children = (
				C4EFFCD323D2936400846010 /* MapView.swift */,
				C4EFFCD623D2958B00846010 /* SiteView.swift */,
			);
			path = Views;
			sourceTree = "<group>";
		};
		C4EFFCCC23D27D7600846010 /* Objects */ = {
			isa = PBXGroup;
			children = (
				C4EFFCCD23D27D8800846010 /* MapPin.swift */,
				C4EFFCCF23D27DF100846010 /* EPABridge.swift */,
			);
			path = Objects;
			sourceTree = "<group>";
		};
		C4EFFCD523D2957200846010 /* Shared */ = {
			isa = PBXGroup;
			children = (
				C4EFFCD123D28DE600846010 /* UserDefaults+Settings.swift */,
			);
			path = Shared;
			sourceTree = "<group>";
		};
/* End PBXGroup section */

/* Begin PBXNativeTarget section */
		C4EFFCA323D275FF00846010 /* VicAirQuality */ = {
			isa = PBXNativeTarget;
			buildConfigurationList = C4EFFCB723D2760300846010 /* Build configuration list for PBXNativeTarget "VicAirQuality" */;
			buildPhases = (
				C4EFFCA023D275FF00846010 /* Sources */,
				C4EFFCA123D275FF00846010 /* Frameworks */,
				C4EFFCA223D275FF00846010 /* Resources */,
			);
			buildRules = (
			);
			dependencies = (
			);
			name = VicAirQuality;
			productName = VicAirQuality;
			productReference = C4EFFCA423D275FF00846010 /* VicAirQuality.app */;
			productType = "com.apple.product-type.application";
		};
/* End PBXNativeTarget section */

/* Begin PBXProject section */
		C4EFFC9C23D275FF00846010 /* Project object */ = {
			isa = PBXProject;
			attributes = {
				LastSwiftUpdateCheck = 1130;
				LastUpgradeCheck = 1130;
				ORGANIZATIONNAME = "Jacob Gold";
				TargetAttributes = {
					C4EFFCA323D275FF00846010 = {
						CreatedOnToolsVersion = 11.3;
					};
				};
			};
			buildConfigurationList = C4EFFC9F23D275FF00846010 /* Build configuration list for PBXProject "VicAirQuality" */;
			compatibilityVersion = "Xcode 9.3";
			developmentRegion = en;
			hasScannedForEncodings = 0;
			knownRegions = (
				en,
				Base,
			);
			mainGroup = C4EFFC9B23D275FF00846010;
			productRefGroup = C4EFFCA523D275FF00846010 /* Products */;
			projectDirPath = "";
			projectRoot = "";
			targets = (
				C4EFFCA323D275FF00846010 /* VicAirQuality */,
			);
		};
/* End PBXProject section */

/* Begin PBXResourcesBuildPhase section */
		C4EFFCA223D275FF00846010 /* Resources */ = {
			isa = PBXResourcesBuildPhase;
			buildActionMask = 2147483647;
			files = (
				C4EFFCB223D2760300846010 /* Main.storyboard in Resources */,
				C4EFFCAF23D2760300846010 /* Preview Assets.xcassets in Resources */,
				C4EFFCAC23D2760300846010 /* Assets.xcassets in Resources */,
			);
			runOnlyForDeploymentPostprocessing = 0;
		};
/* End PBXResourcesBuildPhase section */

/* Begin PBXSourcesBuildPhase section */
		C4EFFCA023D275FF00846010 /* Sources */ = {
			isa = PBXSourcesBuildPhase;
			buildActionMask = 2147483647;
			files = (
				C4EFFCC523D27D5000846010 /* MonitoringSite.swift in Sources */,
				C4EFFCC823D27D5000846010 /* SimpleAirMonitoringSite.swift in Sources */,
				C4EFFCC923D27D5000846010 /* Coordinates.swift in Sources */,
				C4EFFCC623D27D5000846010 /* Quality.swift in Sources */,
				C4EFFCD423D2936400846010 /* MapView.swift in Sources */,
				C4EFFCAA23D275FF00846010 /* ContentView.swift in Sources */,
				C4EFFCD223D28DE600846010 /* UserDefaults+Settings.swift in Sources */,
				C4EFFCCA23D27D5000846010 /* AirMonitoringSites.swift in Sources */,
				C4EFFCCE23D27D8800846010 /* MapPin.swift in Sources */,
				C4EFFCD723D2958B00846010 /* SiteView.swift in Sources */,
				C4EFFCD023D27DF100846010 /* EPABridge.swift in Sources */,
				C4EFFCCB23D27D5000846010 /* HealthVector.swift in Sources */,
				C4EFFCA823D275FF00846010 /* AppDelegate.swift in Sources */,
				C4EFFCC723D27D5000846010 /* DetailedAirMonitoringSite.swift in Sources */,
			);
			runOnlyForDeploymentPostprocessing = 0;
		};
/* End PBXSourcesBuildPhase section */

/* Begin PBXVariantGroup section */
		C4EFFCB023D2760300846010 /* Main.storyboard */ = {
			isa = PBXVariantGroup;
			children = (
				C4EFFCB123D2760300846010 /* Base */,
			);
			name = Main.storyboard;
			sourceTree = "<group>";
		};
/* End PBXVariantGroup section */

/* Begin XCBuildConfiguration section */
		C4EFFCB523D2760300846010 /* Debug */ = {
			isa = XCBuildConfiguration;
			buildSettings = {
				ALWAYS_SEARCH_USER_PATHS = NO;
				CLANG_ANALYZER_NONNULL = YES;
				CLANG_ANALYZER_NUMBER_OBJECT_CONVERSION = YES_AGGRESSIVE;
				CLANG_CXX_LANGUAGE_STANDARD = "gnu++14";
				CLANG_CXX_LIBRARY = "libc++";
				CLANG_ENABLE_MODULES = YES;
				CLANG_ENABLE_OBJC_ARC = YES;
				CLANG_ENABLE_OBJC_WEAK = YES;
				CLANG_WARN_BLOCK_CAPTURE_AUTORELEASING = YES;
				CLANG_WARN_BOOL_CONVERSION = YES;
				CLANG_WARN_COMMA = YES;
				CLANG_WARN_CONSTANT_CONVERSION = YES;
				CLANG_WARN_DEPRECATED_OBJC_IMPLEMENTATIONS = YES;
				CLANG_WARN_DIRECT_OBJC_ISA_USAGE = YES_ERROR;
				CLANG_WARN_DOCUMENTATION_COMMENTS = YES;
				CLANG_WARN_EMPTY_BODY = YES;
				CLANG_WARN_ENUM_CONVERSION = YES;
				CLANG_WARN_INFINITE_RECURSION = YES;
				CLANG_WARN_INT_CONVERSION = YES;
				CLANG_WARN_NON_LITERAL_NULL_CONVERSION = YES;
				CLANG_WARN_OBJC_IMPLICIT_RETAIN_SELF = YES;
				CLANG_WARN_OBJC_LITERAL_CONVERSION = YES;
				CLANG_WARN_OBJC_ROOT_CLASS = YES_ERROR;
				CLANG_WARN_RANGE_LOOP_ANALYSIS = YES;
				CLANG_WARN_STRICT_PROTOTYPES = YES;
				CLANG_WARN_SUSPICIOUS_MOVE = YES;
				CLANG_WARN_UNGUARDED_AVAILABILITY = YES_AGGRESSIVE;
				CLANG_WARN_UNREACHABLE_CODE = YES;
				CLANG_WARN__DUPLICATE_METHOD_MATCH = YES;
				COPY_PHASE_STRIP = NO;
				DEBUG_INFORMATION_FORMAT = dwarf;
				ENABLE_STRICT_OBJC_MSGSEND = YES;
				ENABLE_TESTABILITY = YES;
				GCC_C_LANGUAGE_STANDARD = gnu11;
				GCC_DYNAMIC_NO_PIC = NO;
				GCC_NO_COMMON_BLOCKS = YES;
				GCC_OPTIMIZATION_LEVEL = 0;
				GCC_PREPROCESSOR_DEFINITIONS = (
					"DEBUG=1",
					"$(inherited)",
				);
				GCC_WARN_64_TO_32_BIT_CONVERSION = YES;
				GCC_WARN_ABOUT_RETURN_TYPE = YES_ERROR;
				GCC_WARN_UNDECLARED_SELECTOR = YES;
				GCC_WARN_UNINITIALIZED_AUTOS = YES_AGGRESSIVE;
				GCC_WARN_UNUSED_FUNCTION = YES;
				GCC_WARN_UNUSED_VARIABLE = YES;
				MACOSX_DEPLOYMENT_TARGET = 10.15;
				MTL_ENABLE_DEBUG_INFO = INCLUDE_SOURCE;
				MTL_FAST_MATH = YES;
				ONLY_ACTIVE_ARCH = YES;
				SDKROOT = macosx;
				SWIFT_ACTIVE_COMPILATION_CONDITIONS = DEBUG;
				SWIFT_OPTIMIZATION_LEVEL = "-Onone";
			};
			name = Debug;
		};
		C4EFFCB623D2760300846010 /* Release */ = {
			isa = XCBuildConfiguration;
			buildSettings = {
				ALWAYS_SEARCH_USER_PATHS = NO;
				CLANG_ANALYZER_NONNULL = YES;
				CLANG_ANALYZER_NUMBER_OBJECT_CONVERSION = YES_AGGRESSIVE;
				CLANG_CXX_LANGUAGE_STANDARD = "gnu++14";
				CLANG_CXX_LIBRARY = "libc++";
				CLANG_ENABLE_MODULES = YES;
				CLANG_ENABLE_OBJC_ARC = YES;
				CLANG_ENABLE_OBJC_WEAK = YES;
				CLANG_WARN_BLOCK_CAPTURE_AUTORELEASING = YES;
				CLANG_WARN_BOOL_CONVERSION = YES;
				CLANG_WARN_COMMA = YES;
				CLANG_WARN_CONSTANT_CONVERSION = YES;
				CLANG_WARN_DEPRECATED_OBJC_IMPLEMENTATIONS = YES;
				CLANG_WARN_DIRECT_OBJC_ISA_USAGE = YES_ERROR;
				CLANG_WARN_DOCUMENTATION_COMMENTS = YES;
				CLANG_WARN_EMPTY_BODY = YES;
				CLANG_WARN_ENUM_CONVERSION = YES;
				CLANG_WARN_INFINITE_RECURSION = YES;
				CLANG_WARN_INT_CONVERSION = YES;
				CLANG_WARN_NON_LITERAL_NULL_CONVERSION = YES;
				CLANG_WARN_OBJC_IMPLICIT_RETAIN_SELF = YES;
				CLANG_WARN_OBJC_LITERAL_CONVERSION = YES;
				CLANG_WARN_OBJC_ROOT_CLASS = YES_ERROR;
				CLANG_WARN_RANGE_LOOP_ANALYSIS = YES;
				CLANG_WARN_STRICT_PROTOTYPES = YES;
				CLANG_WARN_SUSPICIOUS_MOVE = YES;
				CLANG_WARN_UNGUARDED_AVAILABILITY = YES_AGGRESSIVE;
				CLANG_WARN_UNREACHABLE_CODE = YES;
				CLANG_WARN__DUPLICATE_METHOD_MATCH = YES;
				COPY_PHASE_STRIP = NO;
				DEBUG_INFORMATION_FORMAT = "dwarf-with-dsym";
				ENABLE_NS_ASSERTIONS = NO;
				ENABLE_STRICT_OBJC_MSGSEND = YES;
				GCC_C_LANGUAGE_STANDARD = gnu11;
				GCC_NO_COMMON_BLOCKS = YES;
				GCC_WARN_64_TO_32_BIT_CONVERSION = YES;
				GCC_WARN_ABOUT_RETURN_TYPE = YES_ERROR;
				GCC_WARN_UNDECLARED_SELECTOR = YES;
				GCC_WARN_UNINITIALIZED_AUTOS = YES_AGGRESSIVE;
				GCC_WARN_UNUSED_FUNCTION = YES;
				GCC_WARN_UNUSED_VARIABLE = YES;
				MACOSX_DEPLOYMENT_TARGET = 10.15;
				MTL_ENABLE_DEBUG_INFO = NO;
				MTL_FAST_MATH = YES;
				SDKROOT = macosx;
				SWIFT_COMPILATION_MODE = wholemodule;
				SWIFT_OPTIMIZATION_LEVEL = "-O";
			};
			name = Release;
		};
		C4EFFCB823D2760300846010 /* Debug */ = {
			isa = XCBuildConfiguration;
			buildSettings = {
				ASSETCATALOG_COMPILER_APPICON_NAME = AppIcon;
				CODE_SIGN_ENTITLEMENTS = VicAirQuality/VicAirQuality.entitlements;
				CODE_SIGN_STYLE = Automatic;
				COMBINE_HIDPI_IMAGES = YES;
				DEVELOPMENT_ASSET_PATHS = "\"VicAirQuality/Preview Content\"";
				DEVELOPMENT_TEAM = MDDBG3J939;
				ENABLE_HARDENED_RUNTIME = YES;
				ENABLE_PREVIEWS = YES;
				INFOPLIST_FILE = VicAirQuality/Info.plist;
				LD_RUNPATH_SEARCH_PATHS = (
					"$(inherited)",
					"@executable_path/../Frameworks",
				);
				MACOSX_DEPLOYMENT_TARGET = 10.15;
				PRODUCT_BUNDLE_IDENTIFIER = gold.VicAirQuality;
				PRODUCT_NAME = "$(TARGET_NAME)";
				SWIFT_VERSION = 5.0;
			};
			name = Debug;
		};
		C4EFFCB923D2760300846010 /* Release */ = {
			isa = XCBuildConfiguration;
			buildSettings = {
				ASSETCATALOG_COMPILER_APPICON_NAME = AppIcon;
				CODE_SIGN_ENTITLEMENTS = VicAirQuality/VicAirQuality.entitlements;
				CODE_SIGN_STYLE = Automatic;
				COMBINE_HIDPI_IMAGES = YES;
				DEVELOPMENT_ASSET_PATHS = "\"VicAirQuality/Preview Content\"";
				DEVELOPMENT_TEAM = MDDBG3J939;
				ENABLE_HARDENED_RUNTIME = YES;
				ENABLE_PREVIEWS = YES;
				INFOPLIST_FILE = VicAirQuality/Info.plist;
				LD_RUNPATH_SEARCH_PATHS = (
					"$(inherited)",
					"@executable_path/../Frameworks",
				);
				MACOSX_DEPLOYMENT_TARGET = 10.15;
				PRODUCT_BUNDLE_IDENTIFIER = gold.VicAirQuality;
				PRODUCT_NAME = "$(TARGET_NAME)";
				SWIFT_VERSION = 5.0;
			};
			name = Release;
		};
/* End XCBuildConfiguration section */

/* Begin XCConfigurationList section */
		C4EFFC9F23D275FF00846010 /* Build configuration list for PBXProject "VicAirQuality" */ = {
			isa = XCConfigurationList;
			buildConfigurations = (
				C4EFFCB523D2760300846010 /* Debug */,
				C4EFFCB623D2760300846010 /* Release */,
			);
			defaultConfigurationIsVisible = 0;
			defaultConfigurationName = Release;
		};
		C4EFFCB723D2760300846010 /* Build configuration list for PBXNativeTarget "VicAirQuality" */ = {
			isa = XCConfigurationList;
			buildConfigurations = (
				C4EFFCB823D2760300846010 /* Debug */,
				C4EFFCB923D2760300846010 /* Release */,
			);
			defaultConfigurationIsVisible = 0;
			defaultConfigurationName = Release;
		};
/* End XCConfigurationList section */
	};
	rootObject = C4EFFC9C23D275FF00846010 /* Project object */;
}
